
Microsoft Visual Studio Solution File, Format Version 12.00
# Visual Studio 15
VisualStudioVersion = 15.0.27130.2036
MinimumVisualStudioVersion = 10.0.40219.1
Project("{FAE04EC0-301F-11D3-BF4B-00C04F79EFBC}") = "ContosoUniversity", "ContosoUniversity\ContosoUniversity.csproj", "{A97541EC-BD2F-446B-9923-B1A5E2FE0293}"
EndProject
Global
	GlobalSection(SolutionConfigurationPlatforms) = preSolution
		Debug|Any CPU = Debug|Any CPU
		Release|Any CPU = Release|Any CPU
	EndGlobalSection
	GlobalSection(ProjectConfigurationPlatforms) = postSolution
		{A97541EC-BD2F-446B-9923-B1A5E2FE0293}.Debug|Any CPU.ActiveCfg = Debug|Any CPU
		{A97541EC-BD2F-446B-9923-B1A5E2FE0293}.Debug|Any CPU.Build.0 = Debug|Any CPU
		{A97541EC-BD2F-446B-9923-B1A5E2FE0293}.Release|Any CPU.ActiveCfg = Release|Any CPU
		{A97541EC-BD2F-446B-9923-B1A5E2FE0293}.Release|Any CPU.Build.0 = Release|Any CPU
	EndGlobalSection
	GlobalSection(SolutionProperties) = preSolution
		HideSolutionNode = FALSE
	EndGlobalSection
	GlobalSection(ExtensibilityGlobals) = postSolution
		SolutionGuid = {5178EFF2-1851-4BA9-9FB6-B77D05C6BAD7}
	EndGlobalSection
EndGlobal
